
Microsoft Visual Studio Solution File, Format Version 12.00
# Visual Studio Version 16
VisualStudioVersion = 16.0.31624.102
MinimumVisualStudioVersion = 10.0.40219.1
Project("{9A19103F-16F7-4668-BE54-9A1E7A4F7556}") = "PushToGa4.Web", "..\PushToGa4.Web\PushToGa4.Web.csproj", "{579FB622-DB9A-46F3-AD8B-CE4A0C13C93D}"
EndProject
Global
	GlobalSection(SolutionConfigurationPlatforms) = preSolution
		Debug|Any CPU = Debug|Any CPU
		Release|Any CPU = Release|Any CPU
	EndGlobalSection
	GlobalSection(ProjectConfigurationPlatforms) = postSolution
		{579FB622-DB9A-46F3-AD8B-CE4A0C13C93D}.Debug|Any CPU.ActiveCfg = Debug|Any CPU
		{579FB622-DB9A-46F3-AD8B-CE4A0C13C93D}.Debug|Any CPU.Build.0 = Debug|Any CPU
		{579FB622-DB9A-46F3-AD8B-CE4A0C13C93D}.Release|Any CPU.ActiveCfg = Release|Any CPU
		{579FB622-DB9A-46F3-AD8B-CE4A0C13C93D}.Release|Any CPU.Build.0 = Release|Any CPU
	EndGlobalSection
	GlobalSection(SolutionProperties) = preSolution
		HideSolutionNode = FALSE
	EndGlobalSection
	GlobalSection(ExtensibilityGlobals) = postSolution
		SolutionGuid = {C856482B-F59A-4E35-83AA-323FD66F9F53}
	EndGlobalSection
EndGlobal
